
Microsoft Visual Studio Solution File, Format Version 12.00
# Visual Studio Version 17
VisualStudioVersion = 17.8.34309.116
MinimumVisualStudioVersion = 10.0.40219.1
Project("{FAE04EC0-301F-11D3-BF4B-00C04F79EFBC}") = "Class Exercise", "Class Exercise\Class Exercise.csproj", "{BA054EE2-BEB0-40C8-8DED-590380573C1D}"
EndProject
Global
	GlobalSection(SolutionConfigurationPlatforms) = preSolution
		Debug|Any CPU = Debug|Any CPU
		Release|Any CPU = Release|Any CPU
	EndGlobalSection
	GlobalSection(ProjectConfigurationPlatforms) = postSolution
		{BA054EE2-BEB0-40C8-8DED-590380573C1D}.Debug|Any CPU.ActiveCfg = Debug|Any CPU
		{BA054EE2-BEB0-40C8-8DED-590380573C1D}.Debug|Any CPU.Build.0 = Debug|Any CPU
		{BA054EE2-BEB0-40C8-8DED-590380573C1D}.Release|Any CPU.ActiveCfg = Release|Any CPU
		{BA054EE2-BEB0-40C8-8DED-590380573C1D}.Release|Any CPU.Build.0 = Release|Any CPU
	EndGlobalSection
	GlobalSection(SolutionProperties) = preSolution
		HideSolutionNode = FALSE
	EndGlobalSection
	GlobalSection(ExtensibilityGlobals) = postSolution
		SolutionGuid = {206AF08A-CA59-496B-BBB9-E2452275EAB1}
	EndGlobalSection
EndGlobal
